
Microsoft Visual Studio Solution File, Format Version 12.00
# Visual Studio Version 17
VisualStudioVersion = 17.9.34622.214
MinimumVisualStudioVersion = 10.0.40219.1
Project("{FAE04EC0-301F-11D3-BF4B-00C04F79EFBC}") = "Musicplayer", "Musicplayer\Musicplayer.csproj", "{48CF6C17-CB44-4539-8544-A3EC015FF9BA}"
EndProject
Global
	GlobalSection(SolutionConfigurationPlatforms) = preSolution
		Debug|Any CPU = Debug|Any CPU
		Release|Any CPU = Release|Any CPU
	EndGlobalSection
	GlobalSection(ProjectConfigurationPlatforms) = postSolution
		{48CF6C17-CB44-4539-8544-A3EC015FF9BA}.Debug|Any CPU.ActiveCfg = Debug|Any CPU
		{48CF6C17-CB44-4539-8544-A3EC015FF9BA}.Debug|Any CPU.Build.0 = Debug|Any CPU
		{48CF6C17-CB44-4539-8544-A3EC015FF9BA}.Release|Any CPU.ActiveCfg = Release|Any CPU
		{48CF6C17-CB44-4539-8544-A3EC015FF9BA}.Release|Any CPU.Build.0 = Release|Any CPU
	EndGlobalSection
	GlobalSection(SolutionProperties) = preSolution
		HideSolutionNode = FALSE
	EndGlobalSection
	GlobalSection(ExtensibilityGlobals) = postSolution
		SolutionGuid = {E93494A2-0278-477C-AC8F-82D82041E90D}
	EndGlobalSection
EndGlobal
